// !$*UTF8*$!
{
	archiveVersion = 1;
	classes = {
	};
	objectVersion = 55;
	objects = {

/* Begin PBXBuildFile section */
		6F3B0FCB27B3465200645D84 /* AppDelegate.swift in Sources */ = {isa = PBXBuildFile; fileRef = 6F3B0FCA27B3465200645D84 /* AppDelegate.swift */; };
		6F3B0FCD27B3465200645D84 /* SceneDelegate.swift in Sources */ = {isa = PBXBuildFile; fileRef = 6F3B0FCC27B3465200645D84 /* SceneDelegate.swift */; };
		6F3B0FCF27B3465200645D84 /* ViewController.swift in Sources */ = {isa = PBXBuildFile; fileRef = 6F3B0FCE27B3465200645D84 /* ViewController.swift */; };
		6F3B0FD227B3465200645D84 /* Main.storyboard in Resources */ = {isa = PBXBuildFile; fileRef = 6F3B0FD027B3465200645D84 /* Main.storyboard */; };
		6F3B0FD427B3465600645D84 /* Assets.xcassets in Resources */ = {isa = PBXBuildFile; fileRef = 6F3B0FD327B3465600645D84 /* Assets.xcassets */; };
		6F3B0FD727B3465600645D84 /* LaunchScreen.storyboard in Resources */ = {isa = PBXBuildFile; fileRef = 6F3B0FD527B3465600645D84 /* LaunchScreen.storyboard */; };
		6F3B0FE227B3465600645D84 /* Arrabelli_FormatNameTests.swift in Sources */ = {isa = PBXBuildFile; fileRef = 6F3B0FE127B3465600645D84 /* Arrabelli_FormatNameTests.swift */; };
		6F3B0FEC27B3465600645D84 /* Arrabelli_FormatNameUITests.swift in Sources */ = {isa = PBXBuildFile; fileRef = 6F3B0FEB27B3465600645D84 /* Arrabelli_FormatNameUITests.swift */; };
		6F3B0FEE27B3465600645D84 /* Arrabelli_FormatNameUITestsLaunchTests.swift in Sources */ = {isa = PBXBuildFile; fileRef = 6F3B0FED27B3465600645D84 /* Arrabelli_FormatNameUITestsLaunchTests.swift */; };
/* End PBXBuildFile section */

/* Begin PBXContainerItemProxy section */
		6F3B0FDE27B3465600645D84 /* PBXContainerItemProxy */ = {
			isa = PBXContainerItemProxy;
			containerPortal = 6F3B0FBF27B3465200645D84 /* Project object */;
			proxyType = 1;
			remoteGlobalIDString = 6F3B0FC627B3465200645D84;
			remoteInfo = Arrabelli_FormatName;
		};
		6F3B0FE827B3465600645D84 /* PBXContainerItemProxy */ = {
			isa = PBXContainerItemProxy;
			containerPortal = 6F3B0FBF27B3465200645D84 /* Project object */;
			proxyType = 1;
			remoteGlobalIDString = 6F3B0FC627B3465200645D84;
			remoteInfo = Arrabelli_FormatName;
		};
/* End PBXContainerItemProxy section */

/* Begin PBXFileReference section */
		6F3B0FC727B3465200645D84 /* Arrabelli_FormatName.app */ = {isa = PBXFileReference; explicitFileType = wrapper.application; includeInIndex = 0; path = Arrabelli_FormatName.app; sourceTree = BUILT_PRODUCTS_DIR; };
		6F3B0FCA27B3465200645D84 /* AppDelegate.swift */ = {isa = PBXFileReference; lastKnownFileType = sourcecode.swift; path = AppDelegate.swift; sourceTree = "<group>"; };
		6F3B0FCC27B3465200645D84 /* SceneDelegate.swift */ = {isa = PBXFileReference; lastKnownFileType = sourcecode.swift; path = SceneDelegate.swift; sourceTree = "<group>"; };
		6F3B0FCE27B3465200645D84 /* ViewController.swift */ = {isa = PBXFileReference; lastKnownFileType = sourcecode.swift; path = ViewController.swift; sourceTree = "<group>"; };
		6F3B0FD127B3465200645D84 /* Base */ = {isa = PBXFileReference; lastKnownFileType = file.storyboard; name = Base; path = Base.lproj/Main.storyboard; sourceTree = "<group>"; };
		6F3B0FD327B3465600645D84 /* Assets.xcassets */ = {isa = PBXFileReference; lastKnownFileType = folder.assetcatalog; path = Assets.xcassets; sourceTree = "<group>"; };
		6F3B0FD627B3465600645D84 /* Base */ = {isa = PBXFileReference; lastKnownFileType = file.storyboard; name = Base; path = Base.lproj/LaunchScreen.storyboard; sourceTree = "<group>"; };
		6F3B0FD827B3465600645D84 /* Info.plist */ = {isa = PBXFileReference; lastKnownFileType = text.plist.xml; path = Info.plist; sourceTree = "<group>"; };
		6F3B0FDD27B3465600645D84 /* Arrabelli_FormatNameTests.xctest */ = {isa = PBXFileReference; explicitFileType = wrapper.cfbundle; includeInIndex = 0; path = Arrabelli_FormatNameTests.xctest; sourceTree = BUILT_PRODUCTS_DIR; };
		6F3B0FE127B3465600645D84 /* Arrabelli_FormatNameTests.swift */ = {isa = PBXFileReference; lastKnownFileType = sourcecode.swift; path = Arrabelli_FormatNameTests.swift; sourceTree = "<group>"; };
		6F3B0FE727B3465600645D84 /* Arrabelli_FormatNameUITests.xctest */ = {isa = PBXFileReference; explicitFileType = wrapper.cfbundle; includeInIndex = 0; path = Arrabelli_FormatNameUITests.xctest; sourceTree = BUILT_PRODUCTS_DIR; };
		6F3B0FEB27B3465600645D84 /* Arrabelli_FormatNameUITests.swift */ = {isa = PBXFileReference; lastKnownFileType = sourcecode.swift; path = Arrabelli_FormatNameUITests.swift; sourceTree = "<group>"; };
		6F3B0FED27B3465600645D84 /* Arrabelli_FormatNameUITestsLaunchTests.swift */ = {isa = PBXFileReference; lastKnownFileType = sourcecode.swift; path = Arrabelli_FormatNameUITestsLaunchTests.swift; sourceTree = "<group>"; };
/* End PBXFileReference section */

/* Begin PBXFrameworksBuildPhase section */
		6F3B0FC427B3465200645D84 /* Frameworks */ = {
			isa = PBXFrameworksBuildPhase;
			buildActionMask = 2147483647;
			files = (
			);
			runOnlyForDeploymentPostprocessing = 0;
		};
		6F3B0FDA27B3465600645D84 /* Frameworks */ = {
			isa = PBXFrameworksBuildPhase;
			buildActionMask = 2147483647;
			files = (
			);
			runOnlyForDeploymentPostprocessing = 0;
		};
		6F3B0FE427B3465600645D84 /* Frameworks */ = {
			isa = PBXFrameworksBuildPhase;
			buildActionMask = 2147483647;
			files = (
			);
			runOnlyForDeploymentPostprocessing = 0;
		};
/* End PBXFrameworksBuildPhase section */

/* Begin PBXGroup section */
		6F3B0FBE27B3465200645D84 = {
			isa = PBXGroup;
			children = (
				6F3B0FC927B3465200645D84 /* Arrabelli_FormatName */,
				6F3B0FE027B3465600645D84 /* Arrabelli_FormatNameTests */,
				6F3B0FEA27B3465600645D84 /* Arrabelli_FormatNameUITests */,
				6F3B0FC827B3465200645D84 /* Products */,
			);
			sourceTree = "<group>";
		};
		6F3B0FC827B3465200645D84 /* Products */ = {
			isa = PBXGroup;
			children = (
				6F3B0FC727B3465200645D84 /* Arrabelli_FormatName.app */,
				6F3B0FDD27B3465600645D84 /* Arrabelli_FormatNameTests.xctest */,
				6F3B0FE727B3465600645D84 /* Arrabelli_FormatNameUITests.xctest */,
			);
			name = Products;
			sourceTree = "<group>";
		};
		6F3B0FC927B3465200645D84 /* Arrabelli_FormatName */ = {
			isa = PBXGroup;
			children = (
				6F3B0FCA27B3465200645D84 /* AppDelegate.swift */,
				6F3B0FCC27B3465200645D84 /* SceneDelegate.swift */,
				6F3B0FCE27B3465200645D84 /* ViewController.swift */,
				6F3B0FD027B3465200645D84 /* Main.storyboard */,
				6F3B0FD327B3465600645D84 /* Assets.xcassets */,
				6F3B0FD527B3465600645D84 /* LaunchScreen.storyboard */,
				6F3B0FD827B3465600645D84 /* Info.plist */,
			);
			path = Arrabelli_FormatName;
			sourceTree = "<group>";
		};
		6F3B0FE027B3465600645D84 /* Arrabelli_FormatNameTests */ = {
			isa = PBXGroup;
			children = (
				6F3B0FE127B3465600645D84 /* Arrabelli_FormatNameTests.swift */,
			);
			path = Arrabelli_FormatNameTests;
			sourceTree = "<group>";
		};
		6F3B0FEA27B3465600645D84 /* Arrabelli_FormatNameUITests */ = {
			isa = PBXGroup;
			children = (
				6F3B0FEB27B3465600645D84 /* Arrabelli_FormatNameUITests.swift */,
				6F3B0FED27B3465600645D84 /* Arrabelli_FormatNameUITestsLaunchTests.swift */,
			);
			path = Arrabelli_FormatNameUITests;
			sourceTree = "<group>";
		};
/* End PBXGroup section */

/* Begin PBXNativeTarget section */
		6F3B0FC627B3465200645D84 /* Arrabelli_FormatName */ = {
			isa = PBXNativeTarget;
			buildConfigurationList = 6F3B0FF127B3465600645D84 /* Build configuration list for PBXNativeTarget "Arrabelli_FormatName" */;
			buildPhases = (
				6F3B0FC327B3465200645D84 /* Sources */,
				6F3B0FC427B3465200645D84 /* Frameworks */,
				6F3B0FC527B3465200645D84 /* Resources */,
			);
			buildRules = (
			);
			dependencies = (
			);
			name = Arrabelli_FormatName;
			productName = Arrabelli_FormatName;
			productReference = 6F3B0FC727B3465200645D84 /* Arrabelli_FormatName.app */;
			productType = "com.apple.product-type.application";
		};
		6F3B0FDC27B3465600645D84 /* Arrabelli_FormatNameTests */ = {
			isa = PBXNativeTarget;
			buildConfigurationList = 6F3B0FF427B3465600645D84 /* Build configuration list for PBXNativeTarget "Arrabelli_FormatNameTests" */;
			buildPhases = (
				6F3B0FD927B3465600645D84 /* Sources */,
				6F3B0FDA27B3465600645D84 /* Frameworks */,
				6F3B0FDB27B3465600645D84 /* Resources */,
			);
			buildRules = (
			);
			dependencies = (
				6F3B0FDF27B3465600645D84 /* PBXTargetDependency */,
			);
			name = Arrabelli_FormatNameTests;
			productName = Arrabelli_FormatNameTests;
			productReference = 6F3B0FDD27B3465600645D84 /* Arrabelli_FormatNameTests.xctest */;
			productType = "com.apple.product-type.bundle.unit-test";
		};
		6F3B0FE627B3465600645D84 /* Arrabelli_FormatNameUITests */ = {
			isa = PBXNativeTarget;
			buildConfigurationList = 6F3B0FF727B3465600645D84 /* Build configuration list for PBXNativeTarget "Arrabelli_FormatNameUITests" */;
			buildPhases = (
				6F3B0FE327B3465600645D84 /* Sources */,
				6F3B0FE427B3465600645D84 /* Frameworks */,
				6F3B0FE527B3465600645D84 /* Resources */,
			);
			buildRules = (
			);
			dependencies = (
				6F3B0FE927B3465600645D84 /* PBXTargetDependency */,
			);
			name = Arrabelli_FormatNameUITests;
			productName = Arrabelli_FormatNameUITests;
			productReference = 6F3B0FE727B3465600645D84 /* Arrabelli_FormatNameUITests.xctest */;
			productType = "com.apple.product-type.bundle.ui-testing";
		};
/* End PBXNativeTarget section */

/* Begin PBXProject section */
		6F3B0FBF27B3465200645D84 /* Project object */ = {
			isa = PBXProject;
			attributes = {
				BuildIndependentTargetsInParallel = 1;
				LastSwiftUpdateCheck = 1320;
				LastUpgradeCheck = 1320;
				TargetAttributes = {
					6F3B0FC627B3465200645D84 = {
						CreatedOnToolsVersion = 13.2.1;
					};
					6F3B0FDC27B3465600645D84 = {
						CreatedOnToolsVersion = 13.2.1;
						TestTargetID = 6F3B0FC627B3465200645D84;
					};
					6F3B0FE627B3465600645D84 = {
						CreatedOnToolsVersion = 13.2.1;
						TestTargetID = 6F3B0FC627B3465200645D84;
					};
				};
			};
			buildConfigurationList = 6F3B0FC227B3465200645D84 /* Build configuration list for PBXProject "Arrabelli_FormatName" */;
			compatibilityVersion = "Xcode 13.0";
			developmentRegion = en;
			hasScannedForEncodings = 0;
			knownRegions = (
				en,
				Base,
			);
			mainGroup = 6F3B0FBE27B3465200645D84;
			productRefGroup = 6F3B0FC827B3465200645D84 /* Products */;
			projectDirPath = "";
			projectRoot = "";
			targets = (
				6F3B0FC627B3465200645D84 /* Arrabelli_FormatName */,
				6F3B0FDC27B3465600645D84 /* Arrabelli_FormatNameTests */,
				6F3B0FE627B3465600645D84 /* Arrabelli_FormatNameUITests */,
			);
		};
/* End PBXProject section */

/* Begin PBXResourcesBuildPhase section */
		6F3B0FC527B3465200645D84 /* Resources */ = {
			isa = PBXResourcesBuildPhase;
			buildActionMask = 2147483647;
			files = (
				6F3B0FD727B3465600645D84 /* LaunchScreen.storyboard in Resources */,
				6F3B0FD427B3465600645D84 /* Assets.xcassets in Resources */,
				6F3B0FD227B3465200645D84 /* Main.storyboard in Resources */,
			);
			runOnlyForDeploymentPostprocessing = 0;
		};
		6F3B0FDB27B3465600645D84 /* Resources */ = {
			isa = PBXResourcesBuildPhase;
			buildActionMask = 2147483647;
			files = (
			);
			runOnlyForDeploymentPostprocessing = 0;
		};
		6F3B0FE527B3465600645D84 /* Resources */ = {
			isa = PBXResourcesBuildPhase;
			buildActionMask = 2147483647;
			files = (
			);
			runOnlyForDeploymentPostprocessing = 0;
		};
/* End PBXResourcesBuildPhase section */

/* Begin PBXSourcesBuildPhase section */
		6F3B0FC327B3465200645D84 /* Sources */ = {
			isa = PBXSourcesBuildPhase;
			buildActionMask = 2147483647;
			files = (
				6F3B0FCF27B3465200645D84 /* ViewController.swift in Sources */,
				6F3B0FCB27B3465200645D84 /* AppDelegate.swift in Sources */,
				6F3B0FCD27B3465200645D84 /* SceneDelegate.swift in Sources */,
			);
			runOnlyForDeploymentPostprocessing = 0;
		};
		6F3B0FD927B3465600645D84 /* Sources */ = {
			isa = PBXSourcesBuildPhase;
			buildActionMask = 2147483647;
			files = (
				6F3B0FE227B3465600645D84 /* Arrabelli_FormatNameTests.swift in Sources */,
			);
			runOnlyForDeploymentPostprocessing = 0;
		};
		6F3B0FE327B3465600645D84 /* Sources */ = {
			isa = PBXSourcesBuildPhase;
			buildActionMask = 2147483647;
			files = (
				6F3B0FEC27B3465600645D84 /* Arrabelli_FormatNameUITests.swift in Sources */,
				6F3B0FEE27B3465600645D84 /* Arrabelli_FormatNameUITestsLaunchTests.swift in Sources */,
			);
			runOnlyForDeploymentPostprocessing = 0;
		};
/* End PBXSourcesBuildPhase section */

/* Begin PBXTargetDependency section */
		6F3B0FDF27B3465600645D84 /* PBXTargetDependency */ = {
			isa = PBXTargetDependency;
			target = 6F3B0FC627B3465200645D84 /* Arrabelli_FormatName */;
			targetProxy = 6F3B0FDE27B3465600645D84 /* PBXContainerItemProxy */;
		};
		6F3B0FE927B3465600645D84 /* PBXTargetDependency */ = {
			isa = PBXTargetDependency;
			target = 6F3B0FC627B3465200645D84 /* Arrabelli_FormatName */;
			targetProxy = 6F3B0FE827B3465600645D84 /* PBXContainerItemProxy */;
		};
/* End PBXTargetDependency section */

/* Begin PBXVariantGroup section */
		6F3B0FD027B3465200645D84 /* Main.storyboard */ = {
			isa = PBXVariantGroup;
			children = (
				6F3B0FD127B3465200645D84 /* Base */,
			);
			name = Main.storyboard;
			sourceTree = "<group>";
		};
		6F3B0FD527B3465600645D84 /* LaunchScreen.storyboard */ = {
			isa = PBXVariantGroup;
			children = (
				6F3B0FD627B3465600645D84 /* Base */,
			);
			name = LaunchScreen.storyboard;
			sourceTree = "<group>";
		};
/* End PBXVariantGroup section */

/* Begin XCBuildConfiguration section */
		6F3B0FEF27B3465600645D84 /* Debug */ = {
			isa = XCBuildConfiguration;
			buildSettings = {
				ALWAYS_SEARCH_USER_PATHS = NO;
				CLANG_ANALYZER_NONNULL = YES;
				CLANG_ANALYZER_NUMBER_OBJECT_CONVERSION = YES_AGGRESSIVE;
				CLANG_CXX_LANGUAGE_STANDARD = "gnu++17";
				CLANG_CXX_LIBRARY = "libc++";
				CLANG_ENABLE_MODULES = YES;
				CLANG_ENABLE_OBJC_ARC = YES;
				CLANG_ENABLE_OBJC_WEAK = YES;
				CLANG_WARN_BLOCK_CAPTURE_AUTORELEASING = YES;
				CLANG_WARN_BOOL_CONVERSION = YES;
				CLANG_WARN_COMMA = YES;
				CLANG_WARN_CONSTANT_CONVERSION = YES;
				CLANG_WARN_DEPRECATED_OBJC_IMPLEMENTATIONS = YES;
				CLANG_WARN_DIRECT_OBJC_ISA_USAGE = YES_ERROR;
				CLANG_WARN_DOCUMENTATION_COMMENTS = YES;
				CLANG_WARN_EMPTY_BODY = YES;
				CLANG_WARN_ENUM_CONVERSION = YES;
				CLANG_WARN_INFINITE_RECURSION = YES;
				CLANG_WARN_INT_CONVERSION = YES;
				CLANG_WARN_NON_LITERAL_NULL_CONVERSION = YES;
				CLANG_WARN_OBJC_IMPLICIT_RETAIN_SELF = YES;
				CLANG_WARN_OBJC_LITERAL_CONVERSION = YES;
				CLANG_WARN_OBJC_ROOT_CLASS = YES_ERROR;
				CLANG_WARN_QUOTED_INCLUDE_IN_FRAMEWORK_HEADER = YES;
				CLANG_WARN_RANGE_LOOP_ANALYSIS = YES;
				CLANG_WARN_STRICT_PROTOTYPES = YES;
				CLANG_WARN_SUSPICIOUS_MOVE = YES;
				CLANG_WARN_UNGUARDED_AVAILABILITY = YES_AGGRESSIVE;
				CLANG_WARN_UNREACHABLE_CODE = YES;
				CLANG_WARN__DUPLICATE_METHOD_MATCH = YES;
				COPY_PHASE_STRIP = NO;
				DEBUG_INFORMATION_FORMAT = dwarf;
				ENABLE_STRICT_OBJC_MSGSEND = YES;
				ENABLE_TESTABILITY = YES;
				GCC_C_LANGUAGE_STANDARD = gnu11;
				GCC_DYNAMIC_NO_PIC = NO;
				GCC_NO_COMMON_BLOCKS = YES;
				GCC_OPTIMIZATION_LEVEL = 0;
				GCC_PREPROCESSOR_DEFINITIONS = (
					"DEBUG=1",
					"$(inherited)",
				);
				GCC_WARN_64_TO_32_BIT_CONVERSION = YES;
				GCC_WARN_ABOUT_RETURN_TYPE = YES_ERROR;
				GCC_WARN_UNDECLARED_SELECTOR = YES;
				GCC_WARN_UNINITIALIZED_AUTOS = YES_AGGRESSIVE;
				GCC_WARN_UNUSED_FUNCTION = YES;
				GCC_WARN_UNUSED_VARIABLE = YES;
				IPHONEOS_DEPLOYMENT_TARGET = 15.2;
				MTL_ENABLE_DEBUG_INFO = INCLUDE_SOURCE;
				MTL_FAST_MATH = YES;
				ONLY_ACTIVE_ARCH = YES;
				SDKROOT = iphoneos;
				SWIFT_ACTIVE_COMPILATION_CONDITIONS = DEBUG;
				SWIFT_OPTIMIZATION_LEVEL = "-Onone";
			};
			name = Debug;
		};
		6F3B0FF027B3465600645D84 /* Release */ = {
			isa = XCBuildConfiguration;
			buildSettings = {
				ALWAYS_SEARCH_USER_PATHS = NO;
				CLANG_ANALYZER_NONNULL = YES;
				CLANG_ANALYZER_NUMBER_OBJECT_CONVERSION = YES_AGGRESSIVE;
				CLANG_CXX_LANGUAGE_STANDARD = "gnu++17";
				CLANG_CXX_LIBRARY = "libc++";
				CLANG_ENABLE_MODULES = YES;
				CLANG_ENABLE_OBJC_ARC = YES;
				CLANG_ENABLE_OBJC_WEAK = YES;
				CLANG_WARN_BLOCK_CAPTURE_AUTORELEASING = YES;
				CLANG_WARN_BOOL_CONVERSION = YES;
				CLANG_WARN_COMMA = YES;
				CLANG_WARN_CONSTANT_CONVERSION = YES;
				CLANG_WARN_DEPRECATED_OBJC_IMPLEMENTATIONS = YES;
				CLANG_WARN_DIRECT_OBJC_ISA_USAGE = YES_ERROR;
				CLANG_WARN_DOCUMENTATION_COMMENTS = YES;
				CLANG_WARN_EMPTY_BODY = YES;
				CLANG_WARN_ENUM_CONVERSION = YES;
				CLANG_WARN_INFINITE_RECURSION = YES;
				CLANG_WARN_INT_CONVERSION = YES;
				CLANG_WARN_NON_LITERAL_NULL_CONVERSION = YES;
				CLANG_WARN_OBJC_IMPLICIT_RETAIN_SELF = YES;
				CLANG_WARN_OBJC_LITERAL_CONVERSION = YES;
				CLANG_WARN_OBJC_ROOT_CLASS = YES_ERROR;
				CLANG_WARN_QUOTED_INCLUDE_IN_FRAMEWORK_HEADER = YES;
				CLANG_WARN_RANGE_LOOP_ANALYSIS = YES;
				CLANG_WARN_STRICT_PROTOTYPES = YES;
				CLANG_WARN_SUSPICIOUS_MOVE = YES;
				CLANG_WARN_UNGUARDED_AVAILABILITY = YES_AGGRESSIVE;
				CLANG_WARN_UNREACHABLE_CODE = YES;
				CLANG_WARN__DUPLICATE_METHOD_MATCH = YES;
				COPY_PHASE_STRIP = NO;
				DEBUG_INFORMATION_FORMAT = "dwarf-with-dsym";
				ENABLE_NS_ASSERTIONS = NO;
				ENABLE_STRICT_OBJC_MSGSEND = YES;
				GCC_C_LANGUAGE_STANDARD = gnu11;
				GCC_NO_COMMON_BLOCKS = YES;
				GCC_WARN_64_TO_32_BIT_CONVERSION = YES;
				GCC_WARN_ABOUT_RETURN_TYPE = YES_ERROR;
				GCC_WARN_UNDECLARED_SELECTOR = YES;
				GCC_WARN_UNINITIALIZED_AUTOS = YES_AGGRESSIVE;
				GCC_WARN_UNUSED_FUNCTION = YES;
				GCC_WARN_UNUSED_VARIABLE = YES;
				IPHONEOS_DEPLOYMENT_TARGET = 15.2;
				MTL_ENABLE_DEBUG_INFO = NO;
				MTL_FAST_MATH = YES;
				SDKROOT = iphoneos;
				SWIFT_COMPILATION_MODE = wholemodule;
				SWIFT_OPTIMIZATION_LEVEL = "-O";
				VALIDATE_PRODUCT = YES;
			};
			name = Release;
		};
		6F3B0FF227B3465600645D84 /* Debug */ = {
			isa = XCBuildConfiguration;
			buildSettings = {
				ASSETCATALOG_COMPILER_APPICON_NAME = AppIcon;
				ASSETCATALOG_COMPILER_GLOBAL_ACCENT_COLOR_NAME = AccentColor;
				CODE_SIGN_STYLE = Automatic;
				CURRENT_PROJECT_VERSION = 1;
				GENERATE_INFOPLIST_FILE = YES;
				INFOPLIST_FILE = Arrabelli_FormatName/Info.plist;
				INFOPLIST_KEY_UIApplicationSupportsIndirectInputEvents = YES;
				INFOPLIST_KEY_UILaunchStoryboardName = LaunchScreen;
				INFOPLIST_KEY_UIMainStoryboardFile = Main;
				INFOPLIST_KEY_UISupportedInterfaceOrientations_iPad = "UIInterfaceOrientationPortrait UIInterfaceOrientationPortraitUpsideDown UIInterfaceOrientationLandscapeLeft UIInterfaceOrientationLandscapeRight";
				INFOPLIST_KEY_UISupportedInterfaceOrientations_iPhone = "UIInterfaceOrientationPortrait UIInterfaceOrientationLandscapeLeft UIInterfaceOrientationLandscapeRight";
				LD_RUNPATH_SEARCH_PATHS = (
					"$(inherited)",
					"@executable_path/Frameworks",
				);
				MARKETING_VERSION = 1.0;
				PRODUCT_BUNDLE_IDENTIFIER = "nwmsu.Arrabelli-FormatName";
				PRODUCT_NAME = "$(TARGET_NAME)";
				SWIFT_EMIT_LOC_STRINGS = YES;
				SWIFT_VERSION = 5.0;
				TARGETED_DEVICE_FAMILY = "1,2";
			};
			name = Debug;
		};
		6F3B0FF327B3465600645D84 /* Release */ = {
			isa = XCBuildConfiguration;
			buildSettings = {
				ASSETCATALOG_COMPILER_APPICON_NAME = AppIcon;
				ASSETCATALOG_COMPILER_GLOBAL_ACCENT_COLOR_NAME = AccentColor;
				CODE_SIGN_STYLE = Automatic;
				CURRENT_PROJECT_VERSION = 1;
				GENERATE_INFOPLIST_FILE = YES;
				INFOPLIST_FILE = Arrabelli_FormatName/Info.plist;
				INFOPLIST_KEY_UIApplicationSupportsIndirectInputEvents = YES;
				INFOPLIST_KEY_UILaunchStoryboardName = LaunchScreen;
				INFOPLIST_KEY_UIMainStoryboardFile = Main;
				INFOPLIST_KEY_UISupportedInterfaceOrientations_iPad = "UIInterfaceOrientationPortrait UIInterfaceOrientationPortraitUpsideDown UIInterfaceOrientationLandscapeLeft UIInterfaceOrientationLandscapeRight";
				INFOPLIST_KEY_UISupportedInterfaceOrientations_iPhone = "UIInterfaceOrientationPortrait UIInterfaceOrientationLandscapeLeft UIInterfaceOrientationLandscapeRight";
				LD_RUNPATH_SEARCH_PATHS = (
					"$(inherited)",
					"@executable_path/Frameworks",
				);
				MARKETING_VERSION = 1.0;
				PRODUCT_BUNDLE_IDENTIFIER = "nwmsu.Arrabelli-FormatName";
				PRODUCT_NAME = "$(TARGET_NAME)";
				SWIFT_EMIT_LOC_STRINGS = YES;
				SWIFT_VERSION = 5.0;
				TARGETED_DEVICE_FAMILY = "1,2";
			};
			name = Release;
		};
		6F3B0FF527B3465600645D84 /* Debug */ = {
			isa = XCBuildConfiguration;
			buildSettings = {
				ALWAYS_EMBED_SWIFT_STANDARD_LIBRARIES = YES;
				BUNDLE_LOADER = "$(TEST_HOST)";
				CODE_SIGN_STYLE = Automatic;
				CURRENT_PROJECT_VERSION = 1;
				GENERATE_INFOPLIST_FILE = YES;
				IPHONEOS_DEPLOYMENT_TARGET = 15.2;
				MARKETING_VERSION = 1.0;
				PRODUCT_BUNDLE_IDENTIFIER = "nwmsu.Arrabelli-FormatNameTests";
				PRODUCT_NAME = "$(TARGET_NAME)";
				SWIFT_EMIT_LOC_STRINGS = NO;
				SWIFT_VERSION = 5.0;
				TARGETED_DEVICE_FAMILY = "1,2";
				TEST_HOST = "$(BUILT_PRODUCTS_DIR)/Arrabelli_FormatName.app/Arrabelli_FormatName";
			};
			name = Debug;
		};
		6F3B0FF627B3465600645D84 /* Release */ = {
			isa = XCBuildConfiguration;
			buildSettings = {
				ALWAYS_EMBED_SWIFT_STANDARD_LIBRARIES = YES;
				BUNDLE_LOADER = "$(TEST_HOST)";
				CODE_SIGN_STYLE = Automatic;
				CURRENT_PROJECT_VERSION = 1;
				GENERATE_INFOPLIST_FILE = YES;
				IPHONEOS_DEPLOYMENT_TARGET = 15.2;
				MARKETING_VERSION = 1.0;
				PRODUCT_BUNDLE_IDENTIFIER = "nwmsu.Arrabelli-FormatNameTests";
				PRODUCT_NAME = "$(TARGET_NAME)";
				SWIFT_EMIT_LOC_STRINGS = NO;
				SWIFT_VERSION = 5.0;
				TARGETED_DEVICE_FAMILY = "1,2";
				TEST_HOST = "$(BUILT_PRODUCTS_DIR)/Arrabelli_FormatName.app/Arrabelli_FormatName";
			};
			name = Release;
		};
		6F3B0FF827B3465600645D84 /* Debug */ = {
			isa = XCBuildConfiguration;
			buildSettings = {
				ALWAYS_EMBED_SWIFT_STANDARD_LIBRARIES = YES;
				CODE_SIGN_STYLE = Automatic;
				CURRENT_PROJECT_VERSION = 1;
				GENERATE_INFOPLIST_FILE = YES;
				MARKETING_VERSION = 1.0;
				PRODUCT_BUNDLE_IDENTIFIER = "nwmsu.Arrabelli-FormatNameUITests";
				PRODUCT_NAME = "$(TARGET_NAME)";
				SWIFT_EMIT_LOC_STRINGS = NO;
				SWIFT_VERSION = 5.0;
				TARGETED_DEVICE_FAMILY = "1,2";
				TEST_TARGET_NAME = Arrabelli_FormatName;
			};
			name = Debug;
		};
		6F3B0FF927B3465600645D84 /* Release */ = {
			isa = XCBuildConfiguration;
			buildSettings = {
				ALWAYS_EMBED_SWIFT_STANDARD_LIBRARIES = YES;
				CODE_SIGN_STYLE = Automatic;
				CURRENT_PROJECT_VERSION = 1;
				GENERATE_INFOPLIST_FILE = YES;
				MARKETING_VERSION = 1.0;
				PRODUCT_BUNDLE_IDENTIFIER = "nwmsu.Arrabelli-FormatNameUITests";
				PRODUCT_NAME = "$(TARGET_NAME)";
				SWIFT_EMIT_LOC_STRINGS = NO;
				SWIFT_VERSION = 5.0;
				TARGETED_DEVICE_FAMILY = "1,2";
				TEST_TARGET_NAME = Arrabelli_FormatName;
			};
			name = Release;
		};
/* End XCBuildConfiguration section */

/* Begin XCConfigurationList section */
		6F3B0FC227B3465200645D84 /* Build configuration list for PBXProject "Arrabelli_FormatName" */ = {
			isa = XCConfigurationList;
			buildConfigurations = (
				6F3B0FEF27B3465600645D84 /* Debug */,
				6F3B0FF027B3465600645D84 /* Release */,
			);
			defaultConfigurationIsVisible = 0;
			defaultConfigurationName = Release;
		};
		6F3B0FF127B3465600645D84 /* Build configuration list for PBXNativeTarget "Arrabelli_FormatName" */ = {
			isa = XCConfigurationList;
			buildConfigurations = (
				6F3B0FF227B3465600645D84 /* Debug */,
				6F3B0FF327B3465600645D84 /* Release */,
			);
			defaultConfigurationIsVisible = 0;
			defaultConfigurationName = Release;
		};
		6F3B0FF427B3465600645D84 /* Build configuration list for PBXNativeTarget "Arrabelli_FormatNameTests" */ = {
			isa = XCConfigurationList;
			buildConfigurations = (
				6F3B0FF527B3465600645D84 /* Debug */,
				6F3B0FF627B3465600645D84 /* Release */,
			);
			defaultConfigurationIsVisible = 0;
			defaultConfigurationName = Release;
		};
		6F3B0FF727B3465600645D84 /* Build configuration list for PBXNativeTarget "Arrabelli_FormatNameUITests" */ = {
			isa = XCConfigurationList;
			buildConfigurations = (
				6F3B0FF827B3465600645D84 /* Debug */,
				6F3B0FF927B3465600645D84 /* Release */,
			);
			defaultConfigurationIsVisible = 0;
			defaultConfigurationName = Release;
		};
/* End XCConfigurationList section */
	};
	rootObject = 6F3B0FBF27B3465200645D84 /* Project object */;
}
